
Microsoft Visual Studio Solution File, Format Version 12.00
# Visual Studio 14
VisualStudioVersion = 14.0.25420.1
MinimumVisualStudioVersion = 10.0.40219.1
Project("{FAE04EC0-301F-11D3-BF4B-00C04F79EFBC}") = "ICRC.Console", "ICRC.Console\ICRC.Console.csproj", "{497D76D2-6FD8-49D0-8B54-35A22D83C00B}"
EndProject
Project("{FAE04EC0-301F-11D3-BF4B-00C04F79EFBC}") = "ICRC.Data", "ICRC.Data\ICRC.Data.csproj", "{3308F13B-962F-45C6-B9C7-763D587D7D8B}"
EndProject
Project("{FAE04EC0-301F-11D3-BF4B-00C04F79EFBC}") = "ICRC.Domain", "ICRC.Domain\ICRC.Domain.csproj", "{91BA9936-B1AF-4845-810A-F57BE0A53884}"
EndProject
Project("{FAE04EC0-301F-11D3-BF4B-00C04F79EFBC}") = "ICRC.Service", "ICRC.Service\ICRC.Service.csproj", "{1073CAFF-EA76-4FB8-9A3B-88C76F82C071}"
EndProject
Project("{FAE04EC0-301F-11D3-BF4B-00C04F79EFBC}") = "ICRC.WEB", "ICRC.WEB\ICRC.WEB.csproj", "{F5ECAF13-72C2-465F-A2AF-A63BFACBD503}"
EndProject
Project("{FAE04EC0-301F-11D3-BF4B-00C04F79EFBC}") = "ICRC.ServicePattern", "ICRC.ServicePattern\ICRC.ServicePattern.csproj", "{535DAFF7-339A-4046-B05C-06FB22C59770}"
EndProject
Global
	GlobalSection(SolutionConfigurationPlatforms) = preSolution
		Debug|Any CPU = Debug|Any CPU
		Release|Any CPU = Release|Any CPU
	EndGlobalSection
	GlobalSection(ProjectConfigurationPlatforms) = postSolution
		{497D76D2-6FD8-49D0-8B54-35A22D83C00B}.Debug|Any CPU.ActiveCfg = Debug|Any CPU
		{497D76D2-6FD8-49D0-8B54-35A22D83C00B}.Debug|Any CPU.Build.0 = Debug|Any CPU
		{497D76D2-6FD8-49D0-8B54-35A22D83C00B}.Release|Any CPU.ActiveCfg = Release|Any CPU
		{497D76D2-6FD8-49D0-8B54-35A22D83C00B}.Release|Any CPU.Build.0 = Release|Any CPU
		{3308F13B-962F-45C6-B9C7-763D587D7D8B}.Debug|Any CPU.ActiveCfg = Debug|Any CPU
		{3308F13B-962F-45C6-B9C7-763D587D7D8B}.Debug|Any CPU.Build.0 = Debug|Any CPU
		{3308F13B-962F-45C6-B9C7-763D587D7D8B}.Release|Any CPU.ActiveCfg = Release|Any CPU
		{3308F13B-962F-45C6-B9C7-763D587D7D8B}.Release|Any CPU.Build.0 = Release|Any CPU
		{91BA9936-B1AF-4845-810A-F57BE0A53884}.Debug|Any CPU.ActiveCfg = Debug|Any CPU
		{91BA9936-B1AF-4845-810A-F57BE0A53884}.Debug|Any CPU.Build.0 = Debug|Any CPU
		{91BA9936-B1AF-4845-810A-F57BE0A53884}.Release|Any CPU.ActiveCfg = Release|Any CPU
		{91BA9936-B1AF-4845-810A-F57BE0A53884}.Release|Any CPU.Build.0 = Release|Any CPU
		{1073CAFF-EA76-4FB8-9A3B-88C76F82C071}.Debug|Any CPU.ActiveCfg = Debug|Any CPU
		{1073CAFF-EA76-4FB8-9A3B-88C76F82C071}.Debug|Any CPU.Build.0 = Debug|Any CPU
		{1073CAFF-EA76-4FB8-9A3B-88C76F82C071}.Release|Any CPU.ActiveCfg = Release|Any CPU
		{1073CAFF-EA76-4FB8-9A3B-88C76F82C071}.Release|Any CPU.Build.0 = Release|Any CPU
		{F5ECAF13-72C2-465F-A2AF-A63BFACBD503}.Debug|Any CPU.ActiveCfg = Debug|Any CPU
		{F5ECAF13-72C2-465F-A2AF-A63BFACBD503}.Debug|Any CPU.Build.0 = Debug|Any CPU
		{F5ECAF13-72C2-465F-A2AF-A63BFACBD503}.Release|Any CPU.ActiveCfg = Release|Any CPU
		{F5ECAF13-72C2-465F-A2AF-A63BFACBD503}.Release|Any CPU.Build.0 = Release|Any CPU
		{535DAFF7-339A-4046-B05C-06FB22C59770}.Debug|Any CPU.ActiveCfg = Debug|Any CPU
		{535DAFF7-339A-4046-B05C-06FB22C59770}.Debug|Any CPU.Build.0 = Debug|Any CPU
		{535DAFF7-339A-4046-B05C-06FB22C59770}.Release|Any CPU.ActiveCfg = Release|Any CPU
		{535DAFF7-339A-4046-B05C-06FB22C59770}.Release|Any CPU.Build.0 = Release|Any CPU
	EndGlobalSection
	GlobalSection(SolutionProperties) = preSolution
		HideSolutionNode = FALSE
	EndGlobalSection
EndGlobal
